<?xml version="1.0" encoding="UTF-8"?>
<Scheme
   LastUpgradeVersion = "0820"
   version = "1.3">
   <BuildAction
      parallelizeBuildables = "YES"
      buildImplicitDependencies = "YES">
      <BuildActionEntries>
         <BuildActionEntry
            buildForTesting = "YES"
            buildForRunning = "YES"
            buildForProfiling = "YES"
            buildForArchiving = "YES"
            buildForAnalyzing = "YES">
            <BuildableReference
               BuildableIdentifier = "primary"
               BlueprintIdentifier = "D291A8221EE5818F007F0CDB"
               BuildableName = "push_swap"
               BlueprintName = "push_swap"
               ReferencedContainer = "container:push_swap.xcodeproj">
            </BuildableReference>
         </BuildActionEntry>
      </BuildActionEntries>
   </BuildAction>
   <TestAction
      buildConfiguration = "Debug"
      selectedDebuggerIdentifier = "Xcode.DebuggerFoundation.Debugger.LLDB"
      selectedLauncherIdentifier = "Xcode.DebuggerFoundation.Launcher.LLDB"
      language = ""
      shouldUseLaunchSchemeArgsEnv = "YES">
      <Testables>
      </Testables>
      <MacroExpansion>
         <BuildableReference
            BuildableIdentifier = "primary"
            BlueprintIdentifier = "D291A8221EE5818F007F0CDB"
            BuildableName = "push_swap"
            BlueprintName = "push_swap"
            ReferencedContainer = "container:push_swap.xcodeproj">
         </BuildableReference>
      </MacroExpansion>
      <AdditionalOptions>
      </AdditionalOptions>
   </TestAction>
   <LaunchAction
      buildConfiguration = "Debug"
      selectedDebuggerIdentifier = "Xcode.DebuggerFoundation.Debugger.LLDB"
      selectedLauncherIdentifier = "Xcode.DebuggerFoundation.Launcher.LLDB"
      language = ""
      launchStyle = "0"
      useCustomWorkingDirectory = "NO"
      ignoresPersistentStateOnLaunch = "NO"
      debugDocumentVersioning = "YES"
      debugServiceExtension = "internal"
      allowLocationSimulation = "YES">
      <BuildableProductRunnable
         runnableDebuggingMode = "0">
         <BuildableReference
            BuildableIdentifier = "primary"
            BlueprintIdentifier = "D291A8221EE5818F007F0CDB"
            BuildableName = "push_swap"
            BlueprintName = "push_swap"
            ReferencedContainer = "container:push_swap.xcodeproj">
         </BuildableReference>
      </BuildableProductRunnable>
      <CommandLineArguments>
         <CommandLineArgument
            argument = "4 8 10 9 3 7 1 12"
            isEnabled = "NO">
         </CommandLineArgument>
         <CommandLineArgument
            argument = "1 5 2 4 3"
            isEnabled = "NO">
         </CommandLineArgument>
         <CommandLineArgument
            argument = "2 0 1"
            isEnabled = "YES">
         </CommandLineArgument>
         <CommandLineArgument
            argument = "2 8 10 9 3 7 1 12"
            isEnabled = "NO">
         </CommandLineArgument>
         <CommandLineArgument
            argument = "2 1 3 6 8 5"
            isEnabled = "NO">
         </CommandLineArgument>
         <CommandLineArgument
            argument = "46 105 56 74 76 38 31 61 87 23 6 22 77 66 47 92 106 17 84 25 1 37 33 89 52 82 16 42 100 91 104 19 43 8 2 26 86 51 45 110 24 68 103 98 72 20 21 102 9 62 4 69 13 60 54 94 34 58 93 55 57 12 101 79 5 80 27 53 11 3 44 35 88 50 85 78 71 29 97 90 18 30 32 75 15 108 70 39 14 36 63 83 59 65 81 73 109 107 64 96 "
            isEnabled = "NO">
         </CommandLineArgument>
         <CommandLineArgument
            argument = "1 2 3 4 5 6 7"
            isEnabled = "NO">
         </CommandLineArgument>
      </CommandLineArguments>
      <AdditionalOptions>
      </AdditionalOptions>
   </LaunchAction>
   <ProfileAction
      buildConfiguration = "Release"
      shouldUseLaunchSchemeArgsEnv = "YES"
      savedToolIdentifier = ""
      useCustomWorkingDirectory = "NO"
      debugDocumentVersioning = "YES">
      <BuildableProductRunnable
         runnableDebuggingMode = "0">
         <BuildableReference
            BuildableIdentifier = "primary"
            BlueprintIdentifier = "D291A8221EE5818F007F0CDB"
            BuildableName = "push_swap"
            BlueprintName = "push_swap"
            ReferencedContainer = "container:push_swap.xcodeproj">
         </BuildableReference>
      </BuildableProductRunnable>
   </ProfileAction>
   <AnalyzeAction
      buildConfiguration = "Debug">
   </AnalyzeAction>
   <ArchiveAction
      buildConfiguration = "Release"
      revealArchiveInOrganizer = "YES">
   </ArchiveAction>
</Scheme>
